
Microsoft Visual Studio Solution File, Format Version 12.00
# Visual Studio Version 17
VisualStudioVersion = 17.6.33829.357
MinimumVisualStudioVersion = 10.0.40219.1
Project("{FAE04EC0-301F-11D3-BF4B-00C04F79EFBC}") = "Cw3 Product", "Cw3 Product\Cw3 Product.csproj", "{89BED8DF-0687-4D28-BFB9-605FA2D356C2}"
EndProject
Project("{54435603-DBB4-11D2-8724-00A0C9A8B90C}") = "CW3 Production Management", "CW3 Production Management\CW3 Production Management.vdproj", "{B19D8242-6772-4E21-A298-2EE107DB4ED6}"
EndProject
Global
	GlobalSection(SolutionConfigurationPlatforms) = preSolution
		All|Any CPU = All|Any CPU
		Debug|Any CPU = Debug|Any CPU
		DefaultBuild|Any CPU = DefaultBuild|Any CPU
		Release|Any CPU = Release|Any CPU
	EndGlobalSection
	GlobalSection(ProjectConfigurationPlatforms) = postSolution
		{89BED8DF-0687-4D28-BFB9-605FA2D356C2}.All|Any CPU.ActiveCfg = Release|Any CPU
		{89BED8DF-0687-4D28-BFB9-605FA2D356C2}.All|Any CPU.Build.0 = Release|Any CPU
		{89BED8DF-0687-4D28-BFB9-605FA2D356C2}.Debug|Any CPU.ActiveCfg = Debug|Any CPU
		{89BED8DF-0687-4D28-BFB9-605FA2D356C2}.Debug|Any CPU.Build.0 = Debug|Any CPU
		{89BED8DF-0687-4D28-BFB9-605FA2D356C2}.DefaultBuild|Any CPU.ActiveCfg = Debug|Any CPU
		{89BED8DF-0687-4D28-BFB9-605FA2D356C2}.DefaultBuild|Any CPU.Build.0 = Debug|Any CPU
		{89BED8DF-0687-4D28-BFB9-605FA2D356C2}.Release|Any CPU.ActiveCfg = Release|Any CPU
		{89BED8DF-0687-4D28-BFB9-605FA2D356C2}.Release|Any CPU.Build.0 = Release|Any CPU
		{B19D8242-6772-4E21-A298-2EE107DB4ED6}.All|Any CPU.ActiveCfg = Debug
		{B19D8242-6772-4E21-A298-2EE107DB4ED6}.Debug|Any CPU.ActiveCfg = Debug
		{B19D8242-6772-4E21-A298-2EE107DB4ED6}.DefaultBuild|Any CPU.ActiveCfg = Debug
		{B19D8242-6772-4E21-A298-2EE107DB4ED6}.Release|Any CPU.ActiveCfg = Release
	EndGlobalSection
	GlobalSection(SolutionProperties) = preSolution
		HideSolutionNode = FALSE
	EndGlobalSection
	GlobalSection(ExtensibilityGlobals) = postSolution
		SolutionGuid = {FC88078E-BBF8-41CF-AB6D-6C64EC856962}
	EndGlobalSection
EndGlobal
